
Microsoft Visual Studio Solution File, Format Version 12.00
Project("{FAE04EC0-301F-11D3-BF4B-00C04F79EFBC}") = "APIGateway-Ocelot", "APIGateway-Ocelot\APIGateway-Ocelot.csproj", "{46D31CE6-35D8-4B11-9565-FFC2044D5F36}"
EndProject
Project("{FAE04EC0-301F-11D3-BF4B-00C04F79EFBC}") = "ApiGateway", "ApiGateway\ApiGateway.csproj", "{94F8027A-899F-4CAE-9CDC-D1B2FA5FD72C}"
EndProject
Global
	GlobalSection(SolutionConfigurationPlatforms) = preSolution
		Debug|Any CPU = Debug|Any CPU
		Release|Any CPU = Release|Any CPU
	EndGlobalSection
	GlobalSection(ProjectConfigurationPlatforms) = postSolution
		{46D31CE6-35D8-4B11-9565-FFC2044D5F36}.Debug|Any CPU.ActiveCfg = Debug|Any CPU
		{46D31CE6-35D8-4B11-9565-FFC2044D5F36}.Debug|Any CPU.Build.0 = Debug|Any CPU
		{46D31CE6-35D8-4B11-9565-FFC2044D5F36}.Release|Any CPU.ActiveCfg = Release|Any CPU
		{46D31CE6-35D8-4B11-9565-FFC2044D5F36}.Release|Any CPU.Build.0 = Release|Any CPU
		{94F8027A-899F-4CAE-9CDC-D1B2FA5FD72C}.Debug|Any CPU.ActiveCfg = Debug|Any CPU
		{94F8027A-899F-4CAE-9CDC-D1B2FA5FD72C}.Debug|Any CPU.Build.0 = Debug|Any CPU
		{94F8027A-899F-4CAE-9CDC-D1B2FA5FD72C}.Release|Any CPU.ActiveCfg = Release|Any CPU
		{94F8027A-899F-4CAE-9CDC-D1B2FA5FD72C}.Release|Any CPU.Build.0 = Release|Any CPU
	EndGlobalSection
EndGlobal
